
Microsoft Visual Studio Solution File, Format Version 12.00
# Visual Studio Version 17
VisualStudioVersion = 17.5.33516.290
MinimumVisualStudioVersion = 10.0.40219.1
Project("{FAE04EC0-301F-11D3-BF4B-00C04F79EFBC}") = "DataAccess", "DataAccess\DataAccess.csproj", "{973535B3-14DC-4DF2-AC81-C2C130CCF0EB}"
EndProject
Project("{FAE04EC0-301F-11D3-BF4B-00C04F79EFBC}") = "Bussiness", "Bussiness\Bussiness.csproj", "{4E3D55B8-88AA-46B1-ADF5-5FEC764A9878}"
EndProject
Project("{FAE04EC0-301F-11D3-BF4B-00C04F79EFBC}") = "Presentation", "Presentation\Presentation.csproj", "{979CCCFA-F0E9-4F74-B8A2-F39218FFA815}"
EndProject
Global
	GlobalSection(SolutionConfigurationPlatforms) = preSolution
		Debug|Any CPU = Debug|Any CPU
		Release|Any CPU = Release|Any CPU
	EndGlobalSection
	GlobalSection(ProjectConfigurationPlatforms) = postSolution
		{973535B3-14DC-4DF2-AC81-C2C130CCF0EB}.Debug|Any CPU.ActiveCfg = Debug|Any CPU
		{973535B3-14DC-4DF2-AC81-C2C130CCF0EB}.Debug|Any CPU.Build.0 = Debug|Any CPU
		{973535B3-14DC-4DF2-AC81-C2C130CCF0EB}.Release|Any CPU.ActiveCfg = Release|Any CPU
		{973535B3-14DC-4DF2-AC81-C2C130CCF0EB}.Release|Any CPU.Build.0 = Release|Any CPU
		{4E3D55B8-88AA-46B1-ADF5-5FEC764A9878}.Debug|Any CPU.ActiveCfg = Debug|Any CPU
		{4E3D55B8-88AA-46B1-ADF5-5FEC764A9878}.Debug|Any CPU.Build.0 = Debug|Any CPU
		{4E3D55B8-88AA-46B1-ADF5-5FEC764A9878}.Release|Any CPU.ActiveCfg = Release|Any CPU
		{4E3D55B8-88AA-46B1-ADF5-5FEC764A9878}.Release|Any CPU.Build.0 = Release|Any CPU
		{979CCCFA-F0E9-4F74-B8A2-F39218FFA815}.Debug|Any CPU.ActiveCfg = Debug|Any CPU
		{979CCCFA-F0E9-4F74-B8A2-F39218FFA815}.Debug|Any CPU.Build.0 = Debug|Any CPU
		{979CCCFA-F0E9-4F74-B8A2-F39218FFA815}.Release|Any CPU.ActiveCfg = Release|Any CPU
		{979CCCFA-F0E9-4F74-B8A2-F39218FFA815}.Release|Any CPU.Build.0 = Release|Any CPU
	EndGlobalSection
	GlobalSection(SolutionProperties) = preSolution
		HideSolutionNode = FALSE
	EndGlobalSection
	GlobalSection(ExtensibilityGlobals) = postSolution
		SolutionGuid = {4F35E48F-8BD5-4CE2-A73C-BD5B66F8362F}
	EndGlobalSection
EndGlobal
